
Microsoft Visual Studio Solution File, Format Version 12.00
# Visual Studio Version 17
VisualStudioVersion = 17.7.34031.279
MinimumVisualStudioVersion = 10.0.40219.1
Project("{FAE04EC0-301F-11D3-BF4B-00C04F79EFBC}") = "Week8EpicGame", "Week8EpicGame\Week8EpicGame.csproj", "{B534BA03-70C0-4DD9-80C0-20EC0D77FF66}"
EndProject
Global
	GlobalSection(SolutionConfigurationPlatforms) = preSolution
		Debug|Any CPU = Debug|Any CPU
		Release|Any CPU = Release|Any CPU
	EndGlobalSection
	GlobalSection(ProjectConfigurationPlatforms) = postSolution
		{B534BA03-70C0-4DD9-80C0-20EC0D77FF66}.Debug|Any CPU.ActiveCfg = Debug|Any CPU
		{B534BA03-70C0-4DD9-80C0-20EC0D77FF66}.Debug|Any CPU.Build.0 = Debug|Any CPU
		{B534BA03-70C0-4DD9-80C0-20EC0D77FF66}.Release|Any CPU.ActiveCfg = Release|Any CPU
		{B534BA03-70C0-4DD9-80C0-20EC0D77FF66}.Release|Any CPU.Build.0 = Release|Any CPU
	EndGlobalSection
	GlobalSection(SolutionProperties) = preSolution
		HideSolutionNode = FALSE
	EndGlobalSection
	GlobalSection(ExtensibilityGlobals) = postSolution
		SolutionGuid = {095F78C4-8A85-43E5-AC3C-588C06D2FC76}
	EndGlobalSection
EndGlobal
